// !$*UTF8*$!
{
	archiveVersion = 1;
	classes = {
	};
	objectVersion = 46;
	objects = {

/* Begin PBXBuildFile section */
		D358530B1B2EA82D00C0CDE4 /* Model.m in Sources */ = {isa = PBXBuildFile; fileRef = D358530A1B2EA82D00C0CDE4 /* Model.m */; };
		D358530F1B2EB15400C0CDE4 /* Property.plist in Resources */ = {isa = PBXBuildFile; fileRef = D358530E1B2EB15400C0CDE4 /* Property.plist */; };
		D35853111B2EB78600C0CDE4 /* NewArray.plist in Resources */ = {isa = PBXBuildFile; fileRef = D35853101B2EB78600C0CDE4 /* NewArray.plist */; };
		D3EF957E1B29C03C009389FD /* main.m in Sources */ = {isa = PBXBuildFile; fileRef = D3EF957D1B29C03C009389FD /* main.m */; };
		D3EF95811B29C03C009389FD /* AppDelegate.m in Sources */ = {isa = PBXBuildFile; fileRef = D3EF95801B29C03C009389FD /* AppDelegate.m */; };
		D3EF95841B29C03C009389FD /* ViewController.m in Sources */ = {isa = PBXBuildFile; fileRef = D3EF95831B29C03C009389FD /* ViewController.m */; };
		D3EF95871B29C03C009389FD /* Main.storyboard in Resources */ = {isa = PBXBuildFile; fileRef = D3EF95851B29C03C009389FD /* Main.storyboard */; };
		D3EF95891B29C03C009389FD /* Images.xcassets in Resources */ = {isa = PBXBuildFile; fileRef = D3EF95881B29C03C009389FD /* Images.xcassets */; };
		D3EF958C1B29C03C009389FD /* LaunchScreen.xib in Resources */ = {isa = PBXBuildFile; fileRef = D3EF958A1B29C03C009389FD /* LaunchScreen.xib */; };
		D3EF95981B29C03C009389FD /* Cell__Tests.m in Sources */ = {isa = PBXBuildFile; fileRef = D3EF95971B29C03C009389FD /* Cell__Tests.m */; };
/* End PBXBuildFile section */

/* Begin PBXContainerItemProxy section */
		D3EF95921B29C03C009389FD /* PBXContainerItemProxy */ = {
			isa = PBXContainerItemProxy;
			containerPortal = D3EF95701B29C03C009389FD /* Project object */;
			proxyType = 1;
			remoteGlobalIDString = D3EF95771B29C03C009389FD;
			remoteInfo = "Cell动画";
		};
/* End PBXContainerItemProxy section */

/* Begin PBXFileReference section */
		D35853091B2EA82D00C0CDE4 /* Model.h */ = {isa = PBXFileReference; fileEncoding = 4; lastKnownFileType = sourcecode.c.h; path = Model.h; sourceTree = "<group>"; };
		D358530A1B2EA82D00C0CDE4 /* Model.m */ = {isa = PBXFileReference; fileEncoding = 4; lastKnownFileType = sourcecode.c.objc; path = Model.m; sourceTree = "<group>"; };
		D358530E1B2EB15400C0CDE4 /* Property.plist */ = {isa = PBXFileReference; fileEncoding = 4; lastKnownFileType = text.plist.xml; path = Property.plist; sourceTree = "<group>"; };
		D35853101B2EB78600C0CDE4 /* NewArray.plist */ = {isa = PBXFileReference; fileEncoding = 4; lastKnownFileType = text.plist.xml; path = NewArray.plist; sourceTree = "<group>"; };
		D3EF95781B29C03C009389FD /* Cell动画.app */ = {isa = PBXFileReference; explicitFileType = wrapper.application; includeInIndex = 0; path = "Cell动画.app"; sourceTree = BUILT_PRODUCTS_DIR; };
		D3EF957C1B29C03C009389FD /* Info.plist */ = {isa = PBXFileReference; lastKnownFileType = text.plist.xml; path = Info.plist; sourceTree = "<group>"; };
		D3EF957D1B29C03C009389FD /* main.m */ = {isa = PBXFileReference; lastKnownFileType = sourcecode.c.objc; path = main.m; sourceTree = "<group>"; };
		D3EF957F1B29C03C009389FD /* AppDelegate.h */ = {isa = PBXFileReference; lastKnownFileType = sourcecode.c.h; path = AppDelegate.h; sourceTree = "<group>"; };
		D3EF95801B29C03C009389FD /* AppDelegate.m */ = {isa = PBXFileReference; lastKnownFileType = sourcecode.c.objc; path = AppDelegate.m; sourceTree = "<group>"; };
		D3EF95821B29C03C009389FD /* ViewController.h */ = {isa = PBXFileReference; lastKnownFileType = sourcecode.c.h; path = ViewController.h; sourceTree = "<group>"; };
		D3EF95831B29C03C009389FD /* ViewController.m */ = {isa = PBXFileReference; lastKnownFileType = sourcecode.c.objc; path = ViewController.m; sourceTree = "<group>"; };
		D3EF95861B29C03C009389FD /* Base */ = {isa = PBXFileReference; lastKnownFileType = file.storyboard; name = Base; path = Base.lproj/Main.storyboard; sourceTree = "<group>"; };
		D3EF95881B29C03C009389FD /* Images.xcassets */ = {isa = PBXFileReference; lastKnownFileType = folder.assetcatalog; path = Images.xcassets; sourceTree = "<group>"; };
		D3EF958B1B29C03C009389FD /* Base */ = {isa = PBXFileReference; lastKnownFileType = file.xib; name = Base; path = Base.lproj/LaunchScreen.xib; sourceTree = "<group>"; };
		D3EF95911B29C03C009389FD /* Cell动画Tests.xctest */ = {isa = PBXFileReference; explicitFileType = wrapper.cfbundle; includeInIndex = 0; path = "Cell动画Tests.xctest"; sourceTree = BUILT_PRODUCTS_DIR; };
		D3EF95961B29C03C009389FD /* Info.plist */ = {isa = PBXFileReference; lastKnownFileType = text.plist.xml; path = Info.plist; sourceTree = "<group>"; };
		D3EF95971B29C03C009389FD /* Cell__Tests.m */ = {isa = PBXFileReference; lastKnownFileType = sourcecode.c.objc; path = Cell__Tests.m; sourceTree = "<group>"; };
/* End PBXFileReference section */

/* Begin PBXFrameworksBuildPhase section */
		D3EF95751B29C03C009389FD /* Frameworks */ = {
			isa = PBXFrameworksBuildPhase;
			buildActionMask = 2147483647;
			files = (
			);
			runOnlyForDeploymentPostprocessing = 0;
		};
		D3EF958E1B29C03C009389FD /* Frameworks */ = {
			isa = PBXFrameworksBuildPhase;
			buildActionMask = 2147483647;
			files = (
			);
			runOnlyForDeploymentPostprocessing = 0;
		};
/* End PBXFrameworksBuildPhase section */

/* Begin PBXGroup section */
		D3EF956F1B29C03C009389FD = {
			isa = PBXGroup;
			children = (
				D3EF957A1B29C03C009389FD /* Cell动画 */,
				D3EF95941B29C03C009389FD /* Cell动画Tests */,
				D3EF95791B29C03C009389FD /* Products */,
			);
			sourceTree = "<group>";
		};
		D3EF95791B29C03C009389FD /* Products */ = {
			isa = PBXGroup;
			children = (
				D3EF95781B29C03C009389FD /* Cell动画.app */,
				D3EF95911B29C03C009389FD /* Cell动画Tests.xctest */,
			);
			name = Products;
			sourceTree = "<group>";
		};
		D3EF957A1B29C03C009389FD /* Cell动画 */ = {
			isa = PBXGroup;
			children = (
				D3EF957F1B29C03C009389FD /* AppDelegate.h */,
				D3EF95801B29C03C009389FD /* AppDelegate.m */,
				D3EF95821B29C03C009389FD /* ViewController.h */,
				D3EF95831B29C03C009389FD /* ViewController.m */,
				D35853091B2EA82D00C0CDE4 /* Model.h */,
				D358530A1B2EA82D00C0CDE4 /* Model.m */,
				D3EF95851B29C03C009389FD /* Main.storyboard */,
				D3EF95881B29C03C009389FD /* Images.xcassets */,
				D3EF958A1B29C03C009389FD /* LaunchScreen.xib */,
				D3EF957B1B29C03C009389FD /* Supporting Files */,
			);
			path = "Cell动画";
			sourceTree = "<group>";
		};
		D3EF957B1B29C03C009389FD /* Supporting Files */ = {
			isa = PBXGroup;
			children = (
				D358530E1B2EB15400C0CDE4 /* Property.plist */,
				D35853101B2EB78600C0CDE4 /* NewArray.plist */,
				D3EF957C1B29C03C009389FD /* Info.plist */,
				D3EF957D1B29C03C009389FD /* main.m */,
			);
			name = "Supporting Files";
			sourceTree = "<group>";
		};
		D3EF95941B29C03C009389FD /* Cell动画Tests */ = {
			isa = PBXGroup;
			children = (
				D3EF95971B29C03C009389FD /* Cell__Tests.m */,
				D3EF95951B29C03C009389FD /* Supporting Files */,
			);
			path = "Cell动画Tests";
			sourceTree = "<group>";
		};
		D3EF95951B29C03C009389FD /* Supporting Files */ = {
			isa = PBXGroup;
			children = (
				D3EF95961B29C03C009389FD /* Info.plist */,
			);
			name = "Supporting Files";
			sourceTree = "<group>";
		};
/* End PBXGroup section */

/* Begin PBXNativeTarget section */
		D3EF95771B29C03C009389FD /* Cell动画 */ = {
			isa = PBXNativeTarget;
			buildConfigurationList = D3EF959B1B29C03C009389FD /* Build configuration list for PBXNativeTarget "Cell动画" */;
			buildPhases = (
				D3EF95741B29C03C009389FD /* Sources */,
				D3EF95751B29C03C009389FD /* Frameworks */,
				D3EF95761B29C03C009389FD /* Resources */,
			);
			buildRules = (
			);
			dependencies = (
			);
			name = "Cell动画";
			productName = "Cell动画";
			productReference = D3EF95781B29C03C009389FD /* Cell动画.app */;
			productType = "com.apple.product-type.application";
		};
		D3EF95901B29C03C009389FD /* Cell动画Tests */ = {
			isa = PBXNativeTarget;
			buildConfigurationList = D3EF959E1B29C03C009389FD /* Build configuration list for PBXNativeTarget "Cell动画Tests" */;
			buildPhases = (
				D3EF958D1B29C03C009389FD /* Sources */,
				D3EF958E1B29C03C009389FD /* Frameworks */,
				D3EF958F1B29C03C009389FD /* Resources */,
			);
			buildRules = (
			);
			dependencies = (
				D3EF95931B29C03C009389FD /* PBXTargetDependency */,
			);
			name = "Cell动画Tests";
			productName = "Cell动画Tests";
			productReference = D3EF95911B29C03C009389FD /* Cell动画Tests.xctest */;
			productType = "com.apple.product-type.bundle.unit-test";
		};
/* End PBXNativeTarget section */

/* Begin PBXProject section */
		D3EF95701B29C03C009389FD /* Project object */ = {
			isa = PBXProject;
			attributes = {
				LastUpgradeCheck = 0630;
				ORGANIZATIONNAME = zhangwenlu;
				TargetAttributes = {
					D3EF95771B29C03C009389FD = {
						CreatedOnToolsVersion = 6.3.2;
					};
					D3EF95901B29C03C009389FD = {
						CreatedOnToolsVersion = 6.3.2;
						TestTargetID = D3EF95771B29C03C009389FD;
					};
				};
			};
			buildConfigurationList = D3EF95731B29C03C009389FD /* Build configuration list for PBXProject "Cell动画" */;
			compatibilityVersion = "Xcode 3.2";
			developmentRegion = English;
			hasScannedForEncodings = 0;
			knownRegions = (
				en,
				Base,
			);
			mainGroup = D3EF956F1B29C03C009389FD;
			productRefGroup = D3EF95791B29C03C009389FD /* Products */;
			projectDirPath = "";
			projectRoot = "";
			targets = (
				D3EF95771B29C03C009389FD /* Cell动画 */,
				D3EF95901B29C03C009389FD /* Cell动画Tests */,
			);
		};
/* End PBXProject section */

/* Begin PBXResourcesBuildPhase section */
		D3EF95761B29C03C009389FD /* Resources */ = {
			isa = PBXResourcesBuildPhase;
			buildActionMask = 2147483647;
			files = (
				D3EF95871B29C03C009389FD /* Main.storyboard in Resources */,
				D3EF958C1B29C03C009389FD /* LaunchScreen.xib in Resources */,
				D358530F1B2EB15400C0CDE4 /* Property.plist in Resources */,
				D3EF95891B29C03C009389FD /* Images.xcassets in Resources */,
				D35853111B2EB78600C0CDE4 /* NewArray.plist in Resources */,
			);
			runOnlyForDeploymentPostprocessing = 0;
		};
		D3EF958F1B29C03C009389FD /* Resources */ = {
			isa = PBXResourcesBuildPhase;
			buildActionMask = 2147483647;
			files = (
			);
			runOnlyForDeploymentPostprocessing = 0;
		};
/* End PBXResourcesBuildPhase section */

/* Begin PBXSourcesBuildPhase section */
		D3EF95741B29C03C009389FD /* Sources */ = {
			isa = PBXSourcesBuildPhase;
			buildActionMask = 2147483647;
			files = (
				D3EF95841B29C03C009389FD /* ViewController.m in Sources */,
				D3EF95811B29C03C009389FD /* AppDelegate.m in Sources */,
				D3EF957E1B29C03C009389FD /* main.m in Sources */,
				D358530B1B2EA82D00C0CDE4 /* Model.m in Sources */,
			);
			runOnlyForDeploymentPostprocessing = 0;
		};
		D3EF958D1B29C03C009389FD /* Sources */ = {
			isa = PBXSourcesBuildPhase;
			buildActionMask = 2147483647;
			files = (
				D3EF95981B29C03C009389FD /* Cell__Tests.m in Sources */,
			);
			runOnlyForDeploymentPostprocessing = 0;
		};
/* End PBXSourcesBuildPhase section */

/* Begin PBXTargetDependency section */
		D3EF95931B29C03C009389FD /* PBXTargetDependency */ = {
			isa = PBXTargetDependency;
			target = D3EF95771B29C03C009389FD /* Cell动画 */;
			targetProxy = D3EF95921B29C03C009389FD /* PBXContainerItemProxy */;
		};
/* End PBXTargetDependency section */

/* Begin PBXVariantGroup section */
		D3EF95851B29C03C009389FD /* Main.storyboard */ = {
			isa = PBXVariantGroup;
			children = (
				D3EF95861B29C03C009389FD /* Base */,
			);
			name = Main.storyboard;
			sourceTree = "<group>";
		};
		D3EF958A1B29C03C009389FD /* LaunchScreen.xib */ = {
			isa = PBXVariantGroup;
			children = (
				D3EF958B1B29C03C009389FD /* Base */,
			);
			name = LaunchScreen.xib;
			sourceTree = "<group>";
		};
/* End PBXVariantGroup section */

/* Begin XCBuildConfiguration section */
		D3EF95991B29C03C009389FD /* Debug */ = {
			isa = XCBuildConfiguration;
			buildSettings = {
				ALWAYS_SEARCH_USER_PATHS = NO;
				CLANG_CXX_LANGUAGE_STANDARD = "gnu++0x";
				CLANG_CXX_LIBRARY = "libc++";
				CLANG_ENABLE_MODULES = YES;
				CLANG_ENABLE_OBJC_ARC = YES;
				CLANG_WARN_BOOL_CONVERSION = YES;
				CLANG_WARN_CONSTANT_CONVERSION = YES;
				CLANG_WARN_DIRECT_OBJC_ISA_USAGE = YES_ERROR;
				CLANG_WARN_EMPTY_BODY = YES;
				CLANG_WARN_ENUM_CONVERSION = YES;
				CLANG_WARN_INT_CONVERSION = YES;
				CLANG_WARN_OBJC_ROOT_CLASS = YES_ERROR;
				CLANG_WARN_UNREACHABLE_CODE = YES;
				CLANG_WARN__DUPLICATE_METHOD_MATCH = YES;
				"CODE_SIGN_IDENTITY[sdk=iphoneos*]" = "iPhone Developer";
				COPY_PHASE_STRIP = NO;
				DEBUG_INFORMATION_FORMAT = "dwarf-with-dsym";
				ENABLE_STRICT_OBJC_MSGSEND = YES;
				GCC_C_LANGUAGE_STANDARD = gnu99;
				GCC_DYNAMIC_NO_PIC = NO;
				GCC_NO_COMMON_BLOCKS = YES;
				GCC_OPTIMIZATION_LEVEL = 0;
				GCC_PREPROCESSOR_DEFINITIONS = (
					"DEBUG=1",
					"$(inherited)",
				);
				GCC_SYMBOLS_PRIVATE_EXTERN = NO;
				GCC_WARN_64_TO_32_BIT_CONVERSION = YES;
				GCC_WARN_ABOUT_RETURN_TYPE = YES_ERROR;
				GCC_WARN_UNDECLARED_SELECTOR = YES;
				GCC_WARN_UNINITIALIZED_AUTOS = YES_AGGRESSIVE;
				GCC_WARN_UNUSED_FUNCTION = YES;
				GCC_WARN_UNUSED_VARIABLE = YES;
				IPHONEOS_DEPLOYMENT_TARGET = 8.3;
				MTL_ENABLE_DEBUG_INFO = YES;
				ONLY_ACTIVE_ARCH = YES;
				SDKROOT = iphoneos;
			};
			name = Debug;
		};
		D3EF959A1B29C03C009389FD /* Release */ = {
			isa = XCBuildConfiguration;
			buildSettings = {
				ALWAYS_SEARCH_USER_PATHS = NO;
				CLANG_CXX_LANGUAGE_STANDARD = "gnu++0x";
				CLANG_CXX_LIBRARY = "libc++";
				CLANG_ENABLE_MODULES = YES;
				CLANG_ENABLE_OBJC_ARC = YES;
				CLANG_WARN_BOOL_CONVERSION = YES;
				CLANG_WARN_CONSTANT_CONVERSION = YES;
				CLANG_WARN_DIRECT_OBJC_ISA_USAGE = YES_ERROR;
				CLANG_WARN_EMPTY_BODY = YES;
				CLANG_WARN_ENUM_CONVERSION = YES;
				CLANG_WARN_INT_CONVERSION = YES;
				CLANG_WARN_OBJC_ROOT_CLASS = YES_ERROR;
				CLANG_WARN_UNREACHABLE_CODE = YES;
				CLANG_WARN__DUPLICATE_METHOD_MATCH = YES;
				"CODE_SIGN_IDENTITY[sdk=iphoneos*]" = "iPhone Developer";
				COPY_PHASE_STRIP = NO;
				DEBUG_INFORMATION_FORMAT = "dwarf-with-dsym";
				ENABLE_NS_ASSERTIONS = NO;
				ENABLE_STRICT_OBJC_MSGSEND = YES;
				GCC_C_LANGUAGE_STANDARD = gnu99;
				GCC_NO_COMMON_BLOCKS = YES;
				GCC_WARN_64_TO_32_BIT_CONVERSION = YES;
				GCC_WARN_ABOUT_RETURN_TYPE = YES_ERROR;
				GCC_WARN_UNDECLARED_SELECTOR = YES;
				GCC_WARN_UNINITIALIZED_AUTOS = YES_AGGRESSIVE;
				GCC_WARN_UNUSED_FUNCTION = YES;
				GCC_WARN_UNUSED_VARIABLE = YES;
				IPHONEOS_DEPLOYMENT_TARGET = 8.3;
				MTL_ENABLE_DEBUG_INFO = NO;
				SDKROOT = iphoneos;
				VALIDATE_PRODUCT = YES;
			};
			name = Release;
		};
		D3EF959C1B29C03C009389FD /* Debug */ = {
			isa = XCBuildConfiguration;
			buildSettings = {
				ASSETCATALOG_COMPILER_APPICON_NAME = AppIcon;
				INFOPLIST_FILE = "Cell动画/Info.plist";
				LD_RUNPATH_SEARCH_PATHS = "$(inherited) @executable_path/Frameworks";
				PRODUCT_NAME = "$(TARGET_NAME)";
			};
			name = Debug;
		};
		D3EF959D1B29C03C009389FD /* Release */ = {
			isa = XCBuildConfiguration;
			buildSettings = {
				ASSETCATALOG_COMPILER_APPICON_NAME = AppIcon;
				INFOPLIST_FILE = "Cell动画/Info.plist";
				LD_RUNPATH_SEARCH_PATHS = "$(inherited) @executable_path/Frameworks";
				PRODUCT_NAME = "$(TARGET_NAME)";
			};
			name = Release;
		};
		D3EF959F1B29C03C009389FD /* Debug */ = {
			isa = XCBuildConfiguration;
			buildSettings = {
				BUNDLE_LOADER = "$(TEST_HOST)";
				FRAMEWORK_SEARCH_PATHS = (
					"$(SDKROOT)/Developer/Library/Frameworks",
					"$(inherited)",
				);
				GCC_PREPROCESSOR_DEFINITIONS = (
					"DEBUG=1",
					"$(inherited)",
				);
				INFOPLIST_FILE = "Cell动画Tests/Info.plist";
				LD_RUNPATH_SEARCH_PATHS = "$(inherited) @executable_path/Frameworks @loader_path/Frameworks";
				PRODUCT_NAME = "$(TARGET_NAME)";
				TEST_HOST = "$(BUILT_PRODUCTS_DIR)/Cell动画.app/Cell动画";
			};
			name = Debug;
		};
		D3EF95A01B29C03C009389FD /* Release */ = {
			isa = XCBuildConfiguration;
			buildSettings = {
				BUNDLE_LOADER = "$(TEST_HOST)";
				FRAMEWORK_SEARCH_PATHS = (
					"$(SDKROOT)/Developer/Library/Frameworks",
					"$(inherited)",
				);
				INFOPLIST_FILE = "Cell动画Tests/Info.plist";
				LD_RUNPATH_SEARCH_PATHS = "$(inherited) @executable_path/Frameworks @loader_path/Frameworks";
				PRODUCT_NAME = "$(TARGET_NAME)";
				TEST_HOST = "$(BUILT_PRODUCTS_DIR)/Cell动画.app/Cell动画";
			};
			name = Release;
		};
/* End XCBuildConfiguration section */

/* Begin XCConfigurationList section */
		D3EF95731B29C03C009389FD /* Build configuration list for PBXProject "Cell动画" */ = {
			isa = XCConfigurationList;
			buildConfigurations = (
				D3EF95991B29C03C009389FD /* Debug */,
				D3EF959A1B29C03C009389FD /* Release */,
			);
			defaultConfigurationIsVisible = 0;
			defaultConfigurationName = Release;
		};
		D3EF959B1B29C03C009389FD /* Build configuration list for PBXNativeTarget "Cell动画" */ = {
			isa = XCConfigurationList;
			buildConfigurations = (
				D3EF959C1B29C03C009389FD /* Debug */,
				D3EF959D1B29C03C009389FD /* Release */,
			);
			defaultConfigurationIsVisible = 0;
			defaultConfigurationName = Release;
		};
		D3EF959E1B29C03C009389FD /* Build configuration list for PBXNativeTarget "Cell动画Tests" */ = {
			isa = XCConfigurationList;
			buildConfigurations = (
				D3EF959F1B29C03C009389FD /* Debug */,
				D3EF95A01B29C03C009389FD /* Release */,
			);
			defaultConfigurationIsVisible = 0;
			defaultConfigurationName = Release;
		};
/* End XCConfigurationList section */
	};
	rootObject = D3EF95701B29C03C009389FD /* Project object */;
}
